
Microsoft Visual Studio Solution File, Format Version 12.00
# Visual Studio Version 17
VisualStudioVersion = 17.2.32526.322
MinimumVisualStudioVersion = 10.0.40219.1
Project("{FAE04EC0-301F-11D3-BF4B-00C04F79EFBC}") = "DA_LTWeb", "DA_LTWeb\DA_LTWeb.csproj", "{413B1680-C2E9-4043-86A4-1F46EBC37029}"
EndProject
Global
	GlobalSection(SolutionConfigurationPlatforms) = preSolution
		Debug|Any CPU = Debug|Any CPU
		Release|Any CPU = Release|Any CPU
	EndGlobalSection
	GlobalSection(ProjectConfigurationPlatforms) = postSolution
		{413B1680-C2E9-4043-86A4-1F46EBC37029}.Debug|Any CPU.ActiveCfg = Debug|Any CPU
		{413B1680-C2E9-4043-86A4-1F46EBC37029}.Debug|Any CPU.Build.0 = Debug|Any CPU
		{413B1680-C2E9-4043-86A4-1F46EBC37029}.Release|Any CPU.ActiveCfg = Release|Any CPU
		{413B1680-C2E9-4043-86A4-1F46EBC37029}.Release|Any CPU.Build.0 = Release|Any CPU
	EndGlobalSection
	GlobalSection(SolutionProperties) = preSolution
		HideSolutionNode = FALSE
	EndGlobalSection
	GlobalSection(ExtensibilityGlobals) = postSolution
		SolutionGuid = {A7BBE26D-8B52-4401-B372-726D77F41C59}
	EndGlobalSection
EndGlobal
